{
  "name": "blog",
  "requires": true,
  "lockfileVersion": 1,
  "dependencies": {
    "bootstrap": {
      "version": "4.0.0-beta.2",
      "resolved": "https://registry.npmjs.org/bootstrap/-/bootstrap-4.0.0-beta.2.tgz",
      "integrity": "sha512-DzGtdTlKbrMoGMpz0LigKSqJ+MgtFKxA791PU/q062OlRG0HybNZcTLH7rpDAmLS66Y3esN9yzKHLLbqa5UR3w=="
    }
  }
}
